// !$*UTF8*$!
{
	archiveVersion = 1;
	classes = {
	};
	objectVersion = 56;
	objects = {

/* Begin PBXBuildFile section */
		B537CB6E29EF32D3008E70CC /* TradeMEApp.swift in Sources */ = {isa = PBXBuildFile; fileRef = B537CB6D29EF32D3008E70CC /* TradeMEApp.swift */; };
		B537CB7029EF32D3008E70CC /* ContentView.swift in Sources */ = {isa = PBXBuildFile; fileRef = B537CB6F29EF32D3008E70CC /* ContentView.swift */; };
		B537CB7229EF32D4008E70CC /* Assets.xcassets in Resources */ = {isa = PBXBuildFile; fileRef = B537CB7129EF32D4008E70CC /* Assets.xcassets */; };
		B537CB7529EF32D4008E70CC /* Preview Assets.xcassets in Resources */ = {isa = PBXBuildFile; fileRef = B537CB7429EF32D4008E70CC /* Preview Assets.xcassets */; };
		B537CB7F29EF32D4008E70CC /* TradeMETests.swift in Sources */ = {isa = PBXBuildFile; fileRef = B537CB7E29EF32D4008E70CC /* TradeMETests.swift */; };
		B537CB8929EF32D4008E70CC /* TradeMEUITests.swift in Sources */ = {isa = PBXBuildFile; fileRef = B537CB8829EF32D4008E70CC /* TradeMEUITests.swift */; };
		B537CB8B29EF32D4008E70CC /* TradeMEUITestsLaunchTests.swift in Sources */ = {isa = PBXBuildFile; fileRef = B537CB8A29EF32D4008E70CC /* TradeMEUITestsLaunchTests.swift */; };
		B537CB9929EF55E2008E70CC /* API.swift in Sources */ = {isa = PBXBuildFile; fileRef = B537CB9829EF55E2008E70CC /* API.swift */; };
		B537CB9C29EF598B008E70CC /* Card.swift in Sources */ = {isa = PBXBuildFile; fileRef = B537CB9B29EF598B008E70CC /* Card.swift */; };
		B537CB9F29EF6924008E70CC /* CardFetchService.swift in Sources */ = {isa = PBXBuildFile; fileRef = B537CB9E29EF6924008E70CC /* CardFetchService.swift */; };
		B537CBA429EF88AA008E70CC /* CardSearchView.swift in Sources */ = {isa = PBXBuildFile; fileRef = B537CBA329EF88AA008E70CC /* CardSearchView.swift */; };
		B537CBA929EF900A008E70CC /* HiddenNavigationBar.swift in Sources */ = {isa = PBXBuildFile; fileRef = B537CBA829EF900A008E70CC /* HiddenNavigationBar.swift */; };
		B537CBAB29EF9C48008E70CC /* YGOCard.swift in Sources */ = {isa = PBXBuildFile; fileRef = B537CBAA29EF9C48008E70CC /* YGOCard.swift */; };
		B537CBB229EFA23D008E70CC /* SearchResultRow.swift in Sources */ = {isa = PBXBuildFile; fileRef = B537CBB129EFA23D008E70CC /* SearchResultRow.swift */; };
		B537CBB529EFA80D008E70CC /* URLMaker.swift in Sources */ = {isa = PBXBuildFile; fileRef = B537CBB429EFA80D008E70CC /* URLMaker.swift */; };
		B537CBB829EFBA00008E70CC /* CollectionListView.swift in Sources */ = {isa = PBXBuildFile; fileRef = B537CBB729EFBA00008E70CC /* CollectionListView.swift */; };
		B537CBBA29EFBC44008E70CC /* CollectionList.swift in Sources */ = {isa = PBXBuildFile; fileRef = B537CBB929EFBC44008E70CC /* CollectionList.swift */; };
		B537CBBE29EFC856008E70CC /* CardListModificationView.swift in Sources */ = {isa = PBXBuildFile; fileRef = B537CBBD29EFC856008E70CC /* CardListModificationView.swift */; };
		B582AC9129F4C527006F8409 /* FireStoreService.swift in Sources */ = {isa = PBXBuildFile; fileRef = B582AC9029F4C527006F8409 /* FireStoreService.swift */; };
		B582AC9829F4D8EE006F8409 /* SignUpView.swift in Sources */ = {isa = PBXBuildFile; fileRef = B582AC9729F4D8EE006F8409 /* SignUpView.swift */; };
		B582AC9B29F4DB1D006F8409 /* LoginView.swift in Sources */ = {isa = PBXBuildFile; fileRef = B582AC9A29F4DB1D006F8409 /* LoginView.swift */; };
		B582AC9F29F4E1C9006F8409 /* AuthViewModel.swift in Sources */ = {isa = PBXBuildFile; fileRef = B582AC9E29F4E1C9006F8409 /* AuthViewModel.swift */; };
		B582ACA129F4E407006F8409 /* GoogleService-Info.plist in Resources */ = {isa = PBXBuildFile; fileRef = B582ACA029F4E407006F8409 /* GoogleService-Info.plist */; };
		B5B71C6D29F0B50600D6BFB8 /* SDWebImageSwiftUI in Frameworks */ = {isa = PBXBuildFile; productRef = B5B71C6C29F0B50600D6BFB8 /* SDWebImageSwiftUI */; };
		B5B71C7029F0B53800D6BFB8 /* PopupView in Frameworks */ = {isa = PBXBuildFile; productRef = B5B71C6F29F0B53800D6BFB8 /* PopupView */; };
		B5B71C7329F0E99C00D6BFB8 /* PropertyListSavable.swift in Sources */ = {isa = PBXBuildFile; fileRef = B5B71C7229F0E99C00D6BFB8 /* PropertyListSavable.swift */; };
		B5B71C7829F0EC5000D6BFB8 /* Constants.swift in Sources */ = {isa = PBXBuildFile; fileRef = B5B71C7729F0EC5000D6BFB8 /* Constants.swift */; };
		B5B71C7A29F0EFEE00D6BFB8 /* UserDefaults+Extension.swift in Sources */ = {isa = PBXBuildFile; fileRef = B5B71C7929F0EFEE00D6BFB8 /* UserDefaults+Extension.swift */; };
		B5B71C7F29F0FE5400D6BFB8 /* FirebaseAnalytics in Frameworks */ = {isa = PBXBuildFile; productRef = B5B71C7E29F0FE5400D6BFB8 /* FirebaseAnalytics */; };
		B5B71C8129F0FE5400D6BFB8 /* FirebaseAnalyticsOnDeviceConversion in Frameworks */ = {isa = PBXBuildFile; productRef = B5B71C8029F0FE5400D6BFB8 /* FirebaseAnalyticsOnDeviceConversion */; };
		B5B71C8329F0FE5400D6BFB8 /* FirebaseAnalyticsSwift in Frameworks */ = {isa = PBXBuildFile; productRef = B5B71C8229F0FE5400D6BFB8 /* FirebaseAnalyticsSwift */; };
		B5B71C8529F0FE5400D6BFB8 /* FirebaseAnalyticsWithoutAdIdSupport in Frameworks */ = {isa = PBXBuildFile; productRef = B5B71C8429F0FE5400D6BFB8 /* FirebaseAnalyticsWithoutAdIdSupport */; };
		B5B71C8729F0FE5400D6BFB8 /* FirebaseAppCheck in Frameworks */ = {isa = PBXBuildFile; productRef = B5B71C8629F0FE5400D6BFB8 /* FirebaseAppCheck */; };
		B5B71C8929F0FE5400D6BFB8 /* FirebaseAppDistribution-Beta in Frameworks */ = {isa = PBXBuildFile; productRef = B5B71C8829F0FE5400D6BFB8 /* FirebaseAppDistribution-Beta */; };
		B5B71C8B29F0FE5400D6BFB8 /* FirebaseAuth in Frameworks */ = {isa = PBXBuildFile; productRef = B5B71C8A29F0FE5400D6BFB8 /* FirebaseAuth */; };
		B5B71C8D29F0FE5400D6BFB8 /* FirebaseAuthCombine-Community in Frameworks */ = {isa = PBXBuildFile; productRef = B5B71C8C29F0FE5400D6BFB8 /* FirebaseAuthCombine-Community */; };
		B5B71C8F29F0FE5400D6BFB8 /* FirebaseCrashlytics in Frameworks */ = {isa = PBXBuildFile; productRef = B5B71C8E29F0FE5400D6BFB8 /* FirebaseCrashlytics */; };
		B5B71C9129F0FE5400D6BFB8 /* FirebaseDatabase in Frameworks */ = {isa = PBXBuildFile; productRef = B5B71C9029F0FE5400D6BFB8 /* FirebaseDatabase */; };
		B5B71C9329F0FE5400D6BFB8 /* FirebaseDatabaseSwift in Frameworks */ = {isa = PBXBuildFile; productRef = B5B71C9229F0FE5400D6BFB8 /* FirebaseDatabaseSwift */; };
		B5B71C9529F0FE5400D6BFB8 /* FirebaseDynamicLinks in Frameworks */ = {isa = PBXBuildFile; productRef = B5B71C9429F0FE5400D6BFB8 /* FirebaseDynamicLinks */; };
		B5B71C9729F0FE5400D6BFB8 /* FirebaseFirestore in Frameworks */ = {isa = PBXBuildFile; productRef = B5B71C9629F0FE5400D6BFB8 /* FirebaseFirestore */; };
		B5B71C9929F0FE5400D6BFB8 /* FirebaseFirestoreCombine-Community in Frameworks */ = {isa = PBXBuildFile; productRef = B5B71C9829F0FE5400D6BFB8 /* FirebaseFirestoreCombine-Community */; };
		B5B71C9B29F0FE5400D6BFB8 /* FirebaseFirestoreSwift in Frameworks */ = {isa = PBXBuildFile; productRef = B5B71C9A29F0FE5400D6BFB8 /* FirebaseFirestoreSwift */; };
		B5B71C9D29F0FE5400D6BFB8 /* FirebaseFunctions in Frameworks */ = {isa = PBXBuildFile; productRef = B5B71C9C29F0FE5400D6BFB8 /* FirebaseFunctions */; };
		B5B71C9F29F0FE5400D6BFB8 /* FirebaseFunctionsCombine-Community in Frameworks */ = {isa = PBXBuildFile; productRef = B5B71C9E29F0FE5400D6BFB8 /* FirebaseFunctionsCombine-Community */; };
		B5B71CA129F0FE5400D6BFB8 /* FirebaseInAppMessaging-Beta in Frameworks */ = {isa = PBXBuildFile; productRef = B5B71CA029F0FE5400D6BFB8 /* FirebaseInAppMessaging-Beta */; };
		B5B71CA329F0FE5400D6BFB8 /* FirebaseInAppMessagingSwift-Beta in Frameworks */ = {isa = PBXBuildFile; productRef = B5B71CA229F0FE5400D6BFB8 /* FirebaseInAppMessagingSwift-Beta */; };
		B5B71CA529F0FE5400D6BFB8 /* FirebaseInstallations in Frameworks */ = {isa = PBXBuildFile; productRef = B5B71CA429F0FE5400D6BFB8 /* FirebaseInstallations */; };
		B5B71CA729F0FE5400D6BFB8 /* FirebaseMLModelDownloader in Frameworks */ = {isa = PBXBuildFile; productRef = B5B71CA629F0FE5400D6BFB8 /* FirebaseMLModelDownloader */; };
		B5B71CA929F0FE5400D6BFB8 /* FirebaseMessaging in Frameworks */ = {isa = PBXBuildFile; productRef = B5B71CA829F0FE5400D6BFB8 /* FirebaseMessaging */; };
		B5B71CAB29F0FE5400D6BFB8 /* FirebasePerformance in Frameworks */ = {isa = PBXBuildFile; productRef = B5B71CAA29F0FE5400D6BFB8 /* FirebasePerformance */; };
		B5B71CAD29F0FE5400D6BFB8 /* FirebaseRemoteConfig in Frameworks */ = {isa = PBXBuildFile; productRef = B5B71CAC29F0FE5400D6BFB8 /* FirebaseRemoteConfig */; };
		B5B71CAF29F0FE5400D6BFB8 /* FirebaseRemoteConfigSwift in Frameworks */ = {isa = PBXBuildFile; productRef = B5B71CAE29F0FE5400D6BFB8 /* FirebaseRemoteConfigSwift */; };
		B5B71CB129F0FE5400D6BFB8 /* FirebaseStorage in Frameworks */ = {isa = PBXBuildFile; productRef = B5B71CB029F0FE5400D6BFB8 /* FirebaseStorage */; };
		B5B71CB329F0FE5400D6BFB8 /* FirebaseStorageCombine-Community in Frameworks */ = {isa = PBXBuildFile; productRef = B5B71CB229F0FE5400D6BFB8 /* FirebaseStorageCombine-Community */; };
/* End PBXBuildFile section */

/* Begin PBXContainerItemProxy section */
		B537CB7B29EF32D4008E70CC /* PBXContainerItemProxy */ = {
			isa = PBXContainerItemProxy;
			containerPortal = B537CB6229EF32D3008E70CC /* Project object */;
			proxyType = 1;
			remoteGlobalIDString = B537CB6929EF32D3008E70CC;
			remoteInfo = TradeME;
		};
		B537CB8529EF32D4008E70CC /* PBXContainerItemProxy */ = {
			isa = PBXContainerItemProxy;
			containerPortal = B537CB6229EF32D3008E70CC /* Project object */;
			proxyType = 1;
			remoteGlobalIDString = B537CB6929EF32D3008E70CC;
			remoteInfo = TradeME;
		};
/* End PBXContainerItemProxy section */

/* Begin PBXFileReference section */
		B537CB6A29EF32D3008E70CC /* TradeME.app */ = {isa = PBXFileReference; explicitFileType = wrapper.application; includeInIndex = 0; path = TradeME.app; sourceTree = BUILT_PRODUCTS_DIR; };
		B537CB6D29EF32D3008E70CC /* TradeMEApp.swift */ = {isa = PBXFileReference; lastKnownFileType = sourcecode.swift; path = TradeMEApp.swift; sourceTree = "<group>"; };
		B537CB6F29EF32D3008E70CC /* ContentView.swift */ = {isa = PBXFileReference; lastKnownFileType = sourcecode.swift; path = ContentView.swift; sourceTree = "<group>"; };
		B537CB7129EF32D4008E70CC /* Assets.xcassets */ = {isa = PBXFileReference; lastKnownFileType = folder.assetcatalog; path = Assets.xcassets; sourceTree = "<group>"; };
		B537CB7429EF32D4008E70CC /* Preview Assets.xcassets */ = {isa = PBXFileReference; lastKnownFileType = folder.assetcatalog; path = "Preview Assets.xcassets"; sourceTree = "<group>"; };
		B537CB7A29EF32D4008E70CC /* TradeMETests.xctest */ = {isa = PBXFileReference; explicitFileType = wrapper.cfbundle; includeInIndex = 0; path = TradeMETests.xctest; sourceTree = BUILT_PRODUCTS_DIR; };
		B537CB7E29EF32D4008E70CC /* TradeMETests.swift */ = {isa = PBXFileReference; lastKnownFileType = sourcecode.swift; path = TradeMETests.swift; sourceTree = "<group>"; };
		B537CB8429EF32D4008E70CC /* TradeMEUITests.xctest */ = {isa = PBXFileReference; explicitFileType = wrapper.cfbundle; includeInIndex = 0; path = TradeMEUITests.xctest; sourceTree = BUILT_PRODUCTS_DIR; };
		B537CB8829EF32D4008E70CC /* TradeMEUITests.swift */ = {isa = PBXFileReference; lastKnownFileType = sourcecode.swift; path = TradeMEUITests.swift; sourceTree = "<group>"; };
		B537CB8A29EF32D4008E70CC /* TradeMEUITestsLaunchTests.swift */ = {isa = PBXFileReference; lastKnownFileType = sourcecode.swift; path = TradeMEUITestsLaunchTests.swift; sourceTree = "<group>"; };
		B537CB9829EF55E2008E70CC /* API.swift */ = {isa = PBXFileReference; lastKnownFileType = sourcecode.swift; path = API.swift; sourceTree = "<group>"; };
		B537CB9B29EF598B008E70CC /* Card.swift */ = {isa = PBXFileReference; lastKnownFileType = sourcecode.swift; path = Card.swift; sourceTree = "<group>"; };
		B537CB9E29EF6924008E70CC /* CardFetchService.swift */ = {isa = PBXFileReference; lastKnownFileType = sourcecode.swift; path = CardFetchService.swift; sourceTree = "<group>"; };
		B537CBA329EF88AA008E70CC /* CardSearchView.swift */ = {isa = PBXFileReference; lastKnownFileType = sourcecode.swift; path = CardSearchView.swift; sourceTree = "<group>"; };
		B537CBA829EF900A008E70CC /* HiddenNavigationBar.swift */ = {isa = PBXFileReference; lastKnownFileType = sourcecode.swift; path = HiddenNavigationBar.swift; sourceTree = "<group>"; };
		B537CBAA29EF9C48008E70CC /* YGOCard.swift */ = {isa = PBXFileReference; lastKnownFileType = sourcecode.swift; path = YGOCard.swift; sourceTree = "<group>"; };
		B537CBB129EFA23D008E70CC /* SearchResultRow.swift */ = {isa = PBXFileReference; lastKnownFileType = sourcecode.swift; path = SearchResultRow.swift; sourceTree = "<group>"; };
		B537CBB429EFA80D008E70CC /* URLMaker.swift */ = {isa = PBXFileReference; lastKnownFileType = sourcecode.swift; path = URLMaker.swift; sourceTree = "<group>"; };
		B537CBB729EFBA00008E70CC /* CollectionListView.swift */ = {isa = PBXFileReference; lastKnownFileType = sourcecode.swift; path = CollectionListView.swift; sourceTree = "<group>"; };
		B537CBB929EFBC44008E70CC /* CollectionList.swift */ = {isa = PBXFileReference; lastKnownFileType = sourcecode.swift; path = CollectionList.swift; sourceTree = "<group>"; };
		B537CBBD29EFC856008E70CC /* CardListModificationView.swift */ = {isa = PBXFileReference; lastKnownFileType = sourcecode.swift; path = CardListModificationView.swift; sourceTree = "<group>"; };
		B582AC9029F4C527006F8409 /* FireStoreService.swift */ = {isa = PBXFileReference; lastKnownFileType = sourcecode.swift; path = FireStoreService.swift; sourceTree = "<group>"; };
		B582AC9729F4D8EE006F8409 /* SignUpView.swift */ = {isa = PBXFileReference; lastKnownFileType = sourcecode.swift; path = SignUpView.swift; sourceTree = "<group>"; };
		B582AC9A29F4DB1D006F8409 /* LoginView.swift */ = {isa = PBXFileReference; lastKnownFileType = sourcecode.swift; path = LoginView.swift; sourceTree = "<group>"; };
		B582AC9E29F4E1C9006F8409 /* AuthViewModel.swift */ = {isa = PBXFileReference; lastKnownFileType = sourcecode.swift; path = AuthViewModel.swift; sourceTree = "<group>"; };
		B582ACA029F4E407006F8409 /* GoogleService-Info.plist */ = {isa = PBXFileReference; fileEncoding = 4; lastKnownFileType = text.plist.xml; path = "GoogleService-Info.plist"; sourceTree = "<group>"; };
		B5B71C7229F0E99C00D6BFB8 /* PropertyListSavable.swift */ = {isa = PBXFileReference; lastKnownFileType = sourcecode.swift; path = PropertyListSavable.swift; sourceTree = "<group>"; };
		B5B71C7729F0EC5000D6BFB8 /* Constants.swift */ = {isa = PBXFileReference; lastKnownFileType = sourcecode.swift; path = Constants.swift; sourceTree = "<group>"; };
		B5B71C7929F0EFEE00D6BFB8 /* UserDefaults+Extension.swift */ = {isa = PBXFileReference; lastKnownFileType = sourcecode.swift; path = "UserDefaults+Extension.swift"; sourceTree = "<group>"; };
/* End PBXFileReference section */

/* Begin PBXFrameworksBuildPhase section */
		B537CB6729EF32D3008E70CC /* Frameworks */ = {
			isa = PBXFrameworksBuildPhase;
			buildActionMask = 2147483647;
			files = (
				B5B71CA929F0FE5400D6BFB8 /* FirebaseMessaging in Frameworks */,
				B5B71C7029F0B53800D6BFB8 /* PopupView in Frameworks */,
				B5B71C9B29F0FE5400D6BFB8 /* FirebaseFirestoreSwift in Frameworks */,
				B5B71C8529F0FE5400D6BFB8 /* FirebaseAnalyticsWithoutAdIdSupport in Frameworks */,
				B5B71C9D29F0FE5400D6BFB8 /* FirebaseFunctions in Frameworks */,
				B5B71C6D29F0B50600D6BFB8 /* SDWebImageSwiftUI in Frameworks */,
				B5B71C7F29F0FE5400D6BFB8 /* FirebaseAnalytics in Frameworks */,
				B5B71C8B29F0FE5400D6BFB8 /* FirebaseAuth in Frameworks */,
				B5B71C9529F0FE5400D6BFB8 /* FirebaseDynamicLinks in Frameworks */,
				B5B71C8F29F0FE5400D6BFB8 /* FirebaseCrashlytics in Frameworks */,
				B5B71CA729F0FE5400D6BFB8 /* FirebaseMLModelDownloader in Frameworks */,
				B5B71C9329F0FE5400D6BFB8 /* FirebaseDatabaseSwift in Frameworks */,
				B5B71C9729F0FE5400D6BFB8 /* FirebaseFirestore in Frameworks */,
				B5B71CA529F0FE5400D6BFB8 /* FirebaseInstallations in Frameworks */,
				B5B71C9F29F0FE5400D6BFB8 /* FirebaseFunctionsCombine-Community in Frameworks */,
				B5B71C9929F0FE5400D6BFB8 /* FirebaseFirestoreCombine-Community in Frameworks */,
				B5B71C9129F0FE5400D6BFB8 /* FirebaseDatabase in Frameworks */,
				B5B71CAB29F0FE5400D6BFB8 /* FirebasePerformance in Frameworks */,
				B5B71C8729F0FE5400D6BFB8 /* FirebaseAppCheck in Frameworks */,
				B5B71C8129F0FE5400D6BFB8 /* FirebaseAnalyticsOnDeviceConversion in Frameworks */,
				B5B71CA329F0FE5400D6BFB8 /* FirebaseInAppMessagingSwift-Beta in Frameworks */,
				B5B71CAF29F0FE5400D6BFB8 /* FirebaseRemoteConfigSwift in Frameworks */,
				B5B71C8329F0FE5400D6BFB8 /* FirebaseAnalyticsSwift in Frameworks */,
				B5B71C8929F0FE5400D6BFB8 /* FirebaseAppDistribution-Beta in Frameworks */,
				B5B71CAD29F0FE5400D6BFB8 /* FirebaseRemoteConfig in Frameworks */,
				B5B71CB129F0FE5400D6BFB8 /* FirebaseStorage in Frameworks */,
				B5B71C8D29F0FE5400D6BFB8 /* FirebaseAuthCombine-Community in Frameworks */,
				B5B71CB329F0FE5400D6BFB8 /* FirebaseStorageCombine-Community in Frameworks */,
				B5B71CA129F0FE5400D6BFB8 /* FirebaseInAppMessaging-Beta in Frameworks */,
			);
			runOnlyForDeploymentPostprocessing = 0;
		};
		B537CB7729EF32D4008E70CC /* Frameworks */ = {
			isa = PBXFrameworksBuildPhase;
			buildActionMask = 2147483647;
			files = (
			);
			runOnlyForDeploymentPostprocessing = 0;
		};
		B537CB8129EF32D4008E70CC /* Frameworks */ = {
			isa = PBXFrameworksBuildPhase;
			buildActionMask = 2147483647;
			files = (
			);
			runOnlyForDeploymentPostprocessing = 0;
		};
/* End PBXFrameworksBuildPhase section */

/* Begin PBXGroup section */
		B537CB6129EF32D3008E70CC = {
			isa = PBXGroup;
			children = (
				B582ACA029F4E407006F8409 /* GoogleService-Info.plist */,
				B537CB6C29EF32D3008E70CC /* TradeME */,
				B537CB7D29EF32D4008E70CC /* TradeMETests */,
				B537CB8729EF32D4008E70CC /* TradeMEUITests */,
				B537CB6B29EF32D3008E70CC /* Products */,
				B5B71C6429F0B1AE00D6BFB8 /* Frameworks */,
			);
			sourceTree = "<group>";
		};
		B537CB6B29EF32D3008E70CC /* Products */ = {
			isa = PBXGroup;
			children = (
				B537CB6A29EF32D3008E70CC /* TradeME.app */,
				B537CB7A29EF32D4008E70CC /* TradeMETests.xctest */,
				B537CB8429EF32D4008E70CC /* TradeMEUITests.xctest */,
			);
			name = Products;
			sourceTree = "<group>";
		};
		B537CB6C29EF32D3008E70CC /* TradeME */ = {
			isa = PBXGroup;
			children = (
				B5B71C7129F0E98000D6BFB8 /* Extensions */,
				B537CBB329EFA802008E70CC /* Helper */,
				B537CBAF29EFA224008E70CC /* Reusable */,
				B537CBA729EF8FF8008E70CC /* View Modifiers */,
				B537CBA229EF888D008E70CC /* Modules */,
				B537CBA029EF6929008E70CC /* Services */,
				B537CB9A29EF595E008E70CC /* Models */,
				B537CB6D29EF32D3008E70CC /* TradeMEApp.swift */,
				B537CB6F29EF32D3008E70CC /* ContentView.swift */,
				B537CB7129EF32D4008E70CC /* Assets.xcassets */,
				B537CB7329EF32D4008E70CC /* Preview Content */,
			);
			path = TradeME;
			sourceTree = "<group>";
		};
		B537CB7329EF32D4008E70CC /* Preview Content */ = {
			isa = PBXGroup;
			children = (
				B537CB7429EF32D4008E70CC /* Preview Assets.xcassets */,
			);
			path = "Preview Content";
			sourceTree = "<group>";
		};
		B537CB7D29EF32D4008E70CC /* TradeMETests */ = {
			isa = PBXGroup;
			children = (
				B537CB7E29EF32D4008E70CC /* TradeMETests.swift */,
			);
			path = TradeMETests;
			sourceTree = "<group>";
		};
		B537CB8729EF32D4008E70CC /* TradeMEUITests */ = {
			isa = PBXGroup;
			children = (
				B537CB8829EF32D4008E70CC /* TradeMEUITests.swift */,
				B537CB8A29EF32D4008E70CC /* TradeMEUITestsLaunchTests.swift */,
			);
			path = TradeMEUITests;
			sourceTree = "<group>";
		};
		B537CB9A29EF595E008E70CC /* Models */ = {
			isa = PBXGroup;
			children = (
				B537CB9B29EF598B008E70CC /* Card.swift */,
				B537CBAA29EF9C48008E70CC /* YGOCard.swift */,
				B537CBB929EFBC44008E70CC /* CollectionList.swift */,
			);
			path = Models;
			sourceTree = "<group>";
		};
		B537CBA029EF6929008E70CC /* Services */ = {
			isa = PBXGroup;
			children = (
				B582AC9029F4C527006F8409 /* FireStoreService.swift */,
				B537CB9E29EF6924008E70CC /* CardFetchService.swift */,
				B537CB9829EF55E2008E70CC /* API.swift */,
			);
			path = Services;
			sourceTree = "<group>";
		};
		B537CBA229EF888D008E70CC /* Modules */ = {
			isa = PBXGroup;
			children = (
				B582AC9929F4DB14006F8409 /* Login */,
				B582AC9629F4D8E2006F8409 /* Sign up */,
				B537CBBC29EFC783008E70CC /* CardListModificationView */,
				B537CBBB29EFBDAA008E70CC /* Search */,
				B537CBB629EFB919008E70CC /* CardCollectionView */,
			);
			path = Modules;
			sourceTree = "<group>";
		};
		B537CBA729EF8FF8008E70CC /* View Modifiers */ = {
			isa = PBXGroup;
			children = (
				B537CBA829EF900A008E70CC /* HiddenNavigationBar.swift */,
			);
			path = "View Modifiers";
			sourceTree = "<group>";
		};
		B537CBAF29EFA224008E70CC /* Reusable */ = {
			isa = PBXGroup;
			children = (
				B537CBB029EFA230008E70CC /* Views */,
			);
			path = Reusable;
			sourceTree = "<group>";
		};
		B537CBB029EFA230008E70CC /* Views */ = {
			isa = PBXGroup;
			children = (
				B537CBB129EFA23D008E70CC /* SearchResultRow.swift */,
			);
			path = Views;
			sourceTree = "<group>";
		};
		B537CBB329EFA802008E70CC /* Helper */ = {
			isa = PBXGroup;
			children = (
				B5B71C7629F0EC4500D6BFB8 /* Enum */,
				B537CBB429EFA80D008E70CC /* URLMaker.swift */,
				B5B71C7229F0E99C00D6BFB8 /* PropertyListSavable.swift */,
			);
			path = Helper;
			sourceTree = "<group>";
		};
		B537CBB629EFB919008E70CC /* CardCollectionView */ = {
			isa = PBXGroup;
			children = (
				B537CBB729EFBA00008E70CC /* CollectionListView.swift */,
			);
			path = CardCollectionView;
			sourceTree = "<group>";
		};
		B537CBBB29EFBDAA008E70CC /* Search */ = {
			isa = PBXGroup;
			children = (
				B537CBA329EF88AA008E70CC /* CardSearchView.swift */,
			);
			path = Search;
			sourceTree = "<group>";
		};
		B537CBBC29EFC783008E70CC /* CardListModificationView */ = {
			isa = PBXGroup;
			children = (
				B537CBBD29EFC856008E70CC /* CardListModificationView.swift */,
			);
			path = CardListModificationView;
			sourceTree = "<group>";
		};
		B582AC9629F4D8E2006F8409 /* Sign up */ = {
			isa = PBXGroup;
			children = (
				B582AC9729F4D8EE006F8409 /* SignUpView.swift */,
				B582AC9E29F4E1C9006F8409 /* AuthViewModel.swift */,
			);
			path = "Sign up";
			sourceTree = "<group>";
		};
		B582AC9929F4DB14006F8409 /* Login */ = {
			isa = PBXGroup;
			children = (
				B582AC9A29F4DB1D006F8409 /* LoginView.swift */,
			);
			path = Login;
			sourceTree = "<group>";
		};
		B5B71C6429F0B1AE00D6BFB8 /* Frameworks */ = {
			isa = PBXGroup;
			children = (
			);
			name = Frameworks;
			sourceTree = "<group>";
		};
		B5B71C7129F0E98000D6BFB8 /* Extensions */ = {
			isa = PBXGroup;
			children = (
				B5B71C7929F0EFEE00D6BFB8 /* UserDefaults+Extension.swift */,
			);
			path = Extensions;
			sourceTree = "<group>";
		};
		B5B71C7629F0EC4500D6BFB8 /* Enum */ = {
			isa = PBXGroup;
			children = (
				B5B71C7729F0EC5000D6BFB8 /* Constants.swift */,
			);
			path = Enum;
			sourceTree = "<group>";
		};
/* End PBXGroup section */

/* Begin PBXNativeTarget section */
		B537CB6929EF32D3008E70CC /* TradeME */ = {
			isa = PBXNativeTarget;
			buildConfigurationList = B537CB8E29EF32D4008E70CC /* Build configuration list for PBXNativeTarget "TradeME" */;
			buildPhases = (
				B537CB6629EF32D3008E70CC /* Sources */,
				B537CB6729EF32D3008E70CC /* Frameworks */,
				B537CB6829EF32D3008E70CC /* Resources */,
			);
			buildRules = (
			);
			dependencies = (
			);
			name = TradeME;
			packageProductDependencies = (
				B5B71C6C29F0B50600D6BFB8 /* SDWebImageSwiftUI */,
				B5B71C6F29F0B53800D6BFB8 /* PopupView */,
				B5B71C7E29F0FE5400D6BFB8 /* FirebaseAnalytics */,
				B5B71C8029F0FE5400D6BFB8 /* FirebaseAnalyticsOnDeviceConversion */,
				B5B71C8229F0FE5400D6BFB8 /* FirebaseAnalyticsSwift */,
				B5B71C8429F0FE5400D6BFB8 /* FirebaseAnalyticsWithoutAdIdSupport */,
				B5B71C8629F0FE5400D6BFB8 /* FirebaseAppCheck */,
				B5B71C8829F0FE5400D6BFB8 /* FirebaseAppDistribution-Beta */,
				B5B71C8A29F0FE5400D6BFB8 /* FirebaseAuth */,
				B5B71C8C29F0FE5400D6BFB8 /* FirebaseAuthCombine-Community */,
				B5B71C8E29F0FE5400D6BFB8 /* FirebaseCrashlytics */,
				B5B71C9029F0FE5400D6BFB8 /* FirebaseDatabase */,
				B5B71C9229F0FE5400D6BFB8 /* FirebaseDatabaseSwift */,
				B5B71C9429F0FE5400D6BFB8 /* FirebaseDynamicLinks */,
				B5B71C9629F0FE5400D6BFB8 /* FirebaseFirestore */,
				B5B71C9829F0FE5400D6BFB8 /* FirebaseFirestoreCombine-Community */,
				B5B71C9A29F0FE5400D6BFB8 /* FirebaseFirestoreSwift */,
				B5B71C9C29F0FE5400D6BFB8 /* FirebaseFunctions */,
				B5B71C9E29F0FE5400D6BFB8 /* FirebaseFunctionsCombine-Community */,
				B5B71CA029F0FE5400D6BFB8 /* FirebaseInAppMessaging-Beta */,
				B5B71CA229F0FE5400D6BFB8 /* FirebaseInAppMessagingSwift-Beta */,
				B5B71CA429F0FE5400D6BFB8 /* FirebaseInstallations */,
				B5B71CA629F0FE5400D6BFB8 /* FirebaseMLModelDownloader */,
				B5B71CA829F0FE5400D6BFB8 /* FirebaseMessaging */,
				B5B71CAA29F0FE5400D6BFB8 /* FirebasePerformance */,
				B5B71CAC29F0FE5400D6BFB8 /* FirebaseRemoteConfig */,
				B5B71CAE29F0FE5400D6BFB8 /* FirebaseRemoteConfigSwift */,
				B5B71CB029F0FE5400D6BFB8 /* FirebaseStorage */,
				B5B71CB229F0FE5400D6BFB8 /* FirebaseStorageCombine-Community */,
			);
			productName = TradeME;
			productReference = B537CB6A29EF32D3008E70CC /* TradeME.app */;
			productType = "com.apple.product-type.application";
		};
		B537CB7929EF32D4008E70CC /* TradeMETests */ = {
			isa = PBXNativeTarget;
			buildConfigurationList = B537CB9129EF32D4008E70CC /* Build configuration list for PBXNativeTarget "TradeMETests" */;
			buildPhases = (
				B537CB7629EF32D4008E70CC /* Sources */,
				B537CB7729EF32D4008E70CC /* Frameworks */,
				B537CB7829EF32D4008E70CC /* Resources */,
			);
			buildRules = (
			);
			dependencies = (
				B537CB7C29EF32D4008E70CC /* PBXTargetDependency */,
			);
			name = TradeMETests;
			productName = TradeMETests;
			productReference = B537CB7A29EF32D4008E70CC /* TradeMETests.xctest */;
			productType = "com.apple.product-type.bundle.unit-test";
		};
		B537CB8329EF32D4008E70CC /* TradeMEUITests */ = {
			isa = PBXNativeTarget;
			buildConfigurationList = B537CB9429EF32D4008E70CC /* Build configuration list for PBXNativeTarget "TradeMEUITests" */;
			buildPhases = (
				B537CB8029EF32D4008E70CC /* Sources */,
				B537CB8129EF32D4008E70CC /* Frameworks */,
				B537CB8229EF32D4008E70CC /* Resources */,
			);
			buildRules = (
			);
			dependencies = (
				B537CB8629EF32D4008E70CC /* PBXTargetDependency */,
			);
			name = TradeMEUITests;
			productName = TradeMEUITests;
			productReference = B537CB8429EF32D4008E70CC /* TradeMEUITests.xctest */;
			productType = "com.apple.product-type.bundle.ui-testing";
		};
/* End PBXNativeTarget section */

/* Begin PBXProject section */
		B537CB6229EF32D3008E70CC /* Project object */ = {
			isa = PBXProject;
			attributes = {
				BuildIndependentTargetsInParallel = 1;
				LastSwiftUpdateCheck = 1420;
				LastUpgradeCheck = 1420;
				TargetAttributes = {
					B537CB6929EF32D3008E70CC = {
						CreatedOnToolsVersion = 14.2;
					};
					B537CB7929EF32D4008E70CC = {
						CreatedOnToolsVersion = 14.2;
						TestTargetID = B537CB6929EF32D3008E70CC;
					};
					B537CB8329EF32D4008E70CC = {
						CreatedOnToolsVersion = 14.2;
						TestTargetID = B537CB6929EF32D3008E70CC;
					};
				};
			};
			buildConfigurationList = B537CB6529EF32D3008E70CC /* Build configuration list for PBXProject "TradeME" */;
			compatibilityVersion = "Xcode 14.0";
			developmentRegion = en;
			hasScannedForEncodings = 0;
			knownRegions = (
				en,
				Base,
			);
			mainGroup = B537CB6129EF32D3008E70CC;
			packageReferences = (
				B5B71C6B29F0B50600D6BFB8 /* XCRemoteSwiftPackageReference "SDWebImageSwiftUI" */,
				B5B71C6E29F0B53800D6BFB8 /* XCRemoteSwiftPackageReference "PopupView" */,
				B5B71C7D29F0FE5400D6BFB8 /* XCRemoteSwiftPackageReference "firebase-ios-sdk" */,
			);
			productRefGroup = B537CB6B29EF32D3008E70CC /* Products */;
			projectDirPath = "";
			projectRoot = "";
			targets = (
				B537CB6929EF32D3008E70CC /* TradeME */,
				B537CB7929EF32D4008E70CC /* TradeMETests */,
				B537CB8329EF32D4008E70CC /* TradeMEUITests */,
			);
		};
/* End PBXProject section */

/* Begin PBXResourcesBuildPhase section */
		B537CB6829EF32D3008E70CC /* Resources */ = {
			isa = PBXResourcesBuildPhase;
			buildActionMask = 2147483647;
			files = (
				B537CB7529EF32D4008E70CC /* Preview Assets.xcassets in Resources */,
				B537CB7229EF32D4008E70CC /* Assets.xcassets in Resources */,
				B582ACA129F4E407006F8409 /* GoogleService-Info.plist in Resources */,
			);
			runOnlyForDeploymentPostprocessing = 0;
		};
		B537CB7829EF32D4008E70CC /* Resources */ = {
			isa = PBXResourcesBuildPhase;
			buildActionMask = 2147483647;
			files = (
			);
			runOnlyForDeploymentPostprocessing = 0;
		};
		B537CB8229EF32D4008E70CC /* Resources */ = {
			isa = PBXResourcesBuildPhase;
			buildActionMask = 2147483647;
			files = (
			);
			runOnlyForDeploymentPostprocessing = 0;
		};
/* End PBXResourcesBuildPhase section */

/* Begin PBXSourcesBuildPhase section */
		B537CB6629EF32D3008E70CC /* Sources */ = {
			isa = PBXSourcesBuildPhase;
			buildActionMask = 2147483647;
			files = (
				B582AC9F29F4E1C9006F8409 /* AuthViewModel.swift in Sources */,
				B5B71C7829F0EC5000D6BFB8 /* Constants.swift in Sources */,
				B537CBB529EFA80D008E70CC /* URLMaker.swift in Sources */,
				B537CB9F29EF6924008E70CC /* CardFetchService.swift in Sources */,
				B5B71C7329F0E99C00D6BFB8 /* PropertyListSavable.swift in Sources */,
				B5B71C7A29F0EFEE00D6BFB8 /* UserDefaults+Extension.swift in Sources */,
				B537CBAB29EF9C48008E70CC /* YGOCard.swift in Sources */,
				B537CB7029EF32D3008E70CC /* ContentView.swift in Sources */,
				B582AC9129F4C527006F8409 /* FireStoreService.swift in Sources */,
				B537CB9929EF55E2008E70CC /* API.swift in Sources */,
				B537CB9C29EF598B008E70CC /* Card.swift in Sources */,
				B537CBB229EFA23D008E70CC /* SearchResultRow.swift in Sources */,
				B537CBA429EF88AA008E70CC /* CardSearchView.swift in Sources */,
				B537CBBE29EFC856008E70CC /* CardListModificationView.swift in Sources */,
				B537CBBA29EFBC44008E70CC /* CollectionList.swift in Sources */,
				B537CBA929EF900A008E70CC /* HiddenNavigationBar.swift in Sources */,
				B537CB6E29EF32D3008E70CC /* TradeMEApp.swift in Sources */,
				B582AC9B29F4DB1D006F8409 /* LoginView.swift in Sources */,
				B582AC9829F4D8EE006F8409 /* SignUpView.swift in Sources */,
				B537CBB829EFBA00008E70CC /* CollectionListView.swift in Sources */,
			);
			runOnlyForDeploymentPostprocessing = 0;
		};
		B537CB7629EF32D4008E70CC /* Sources */ = {
			isa = PBXSourcesBuildPhase;
			buildActionMask = 2147483647;
			files = (
				B537CB7F29EF32D4008E70CC /* TradeMETests.swift in Sources */,
			);
			runOnlyForDeploymentPostprocessing = 0;
		};
		B537CB8029EF32D4008E70CC /* Sources */ = {
			isa = PBXSourcesBuildPhase;
			buildActionMask = 2147483647;
			files = (
				B537CB8929EF32D4008E70CC /* TradeMEUITests.swift in Sources */,
				B537CB8B29EF32D4008E70CC /* TradeMEUITestsLaunchTests.swift in Sources */,
			);
			runOnlyForDeploymentPostprocessing = 0;
		};
/* End PBXSourcesBuildPhase section */

/* Begin PBXTargetDependency section */
		B537CB7C29EF32D4008E70CC /* PBXTargetDependency */ = {
			isa = PBXTargetDependency;
			target = B537CB6929EF32D3008E70CC /* TradeME */;
			targetProxy = B537CB7B29EF32D4008E70CC /* PBXContainerItemProxy */;
		};
		B537CB8629EF32D4008E70CC /* PBXTargetDependency */ = {
			isa = PBXTargetDependency;
			target = B537CB6929EF32D3008E70CC /* TradeME */;
			targetProxy = B537CB8529EF32D4008E70CC /* PBXContainerItemProxy */;
		};
/* End PBXTargetDependency section */

/* Begin XCBuildConfiguration section */
		B537CB8C29EF32D4008E70CC /* Debug */ = {
			isa = XCBuildConfiguration;
			buildSettings = {
				ALWAYS_SEARCH_USER_PATHS = NO;
				CLANG_ANALYZER_NONNULL = YES;
				CLANG_ANALYZER_NUMBER_OBJECT_CONVERSION = YES_AGGRESSIVE;
				CLANG_CXX_LANGUAGE_STANDARD = "gnu++20";
				CLANG_ENABLE_MODULES = YES;
				CLANG_ENABLE_OBJC_ARC = YES;
				CLANG_ENABLE_OBJC_WEAK = YES;
				CLANG_WARN_BLOCK_CAPTURE_AUTORELEASING = YES;
				CLANG_WARN_BOOL_CONVERSION = YES;
				CLANG_WARN_COMMA = YES;
				CLANG_WARN_CONSTANT_CONVERSION = YES;
				CLANG_WARN_DEPRECATED_OBJC_IMPLEMENTATIONS = YES;
				CLANG_WARN_DIRECT_OBJC_ISA_USAGE = YES_ERROR;
				CLANG_WARN_DOCUMENTATION_COMMENTS = YES;
				CLANG_WARN_EMPTY_BODY = YES;
				CLANG_WARN_ENUM_CONVERSION = YES;
				CLANG_WARN_INFINITE_RECURSION = YES;
				CLANG_WARN_INT_CONVERSION = YES;
				CLANG_WARN_NON_LITERAL_NULL_CONVERSION = YES;
				CLANG_WARN_OBJC_IMPLICIT_RETAIN_SELF = YES;
				CLANG_WARN_OBJC_LITERAL_CONVERSION = YES;
				CLANG_WARN_OBJC_ROOT_CLASS = YES_ERROR;
				CLANG_WARN_QUOTED_INCLUDE_IN_FRAMEWORK_HEADER = YES;
				CLANG_WARN_RANGE_LOOP_ANALYSIS = YES;
				CLANG_WARN_STRICT_PROTOTYPES = YES;
				CLANG_WARN_SUSPICIOUS_MOVE = YES;
				CLANG_WARN_UNGUARDED_AVAILABILITY = YES_AGGRESSIVE;
				CLANG_WARN_UNREACHABLE_CODE = YES;
				CLANG_WARN__DUPLICATE_METHOD_MATCH = YES;
				COPY_PHASE_STRIP = NO;
				DEBUG_INFORMATION_FORMAT = dwarf;
				ENABLE_STRICT_OBJC_MSGSEND = YES;
				ENABLE_TESTABILITY = YES;
				GCC_C_LANGUAGE_STANDARD = gnu11;
				GCC_DYNAMIC_NO_PIC = NO;
				GCC_NO_COMMON_BLOCKS = YES;
				GCC_OPTIMIZATION_LEVEL = 0;
				GCC_PREPROCESSOR_DEFINITIONS = (
					"DEBUG=1",
					"$(inherited)",
				);
				GCC_WARN_64_TO_32_BIT_CONVERSION = YES;
				GCC_WARN_ABOUT_RETURN_TYPE = YES_ERROR;
				GCC_WARN_UNDECLARED_SELECTOR = YES;
				GCC_WARN_UNINITIALIZED_AUTOS = YES_AGGRESSIVE;
				GCC_WARN_UNUSED_FUNCTION = YES;
				GCC_WARN_UNUSED_VARIABLE = YES;
				IPHONEOS_DEPLOYMENT_TARGET = 16.2;
				MTL_ENABLE_DEBUG_INFO = INCLUDE_SOURCE;
				MTL_FAST_MATH = YES;
				ONLY_ACTIVE_ARCH = YES;
				SDKROOT = iphoneos;
				SWIFT_ACTIVE_COMPILATION_CONDITIONS = DEBUG;
				SWIFT_OPTIMIZATION_LEVEL = "-Onone";
			};
			name = Debug;
		};
		B537CB8D29EF32D4008E70CC /* Release */ = {
			isa = XCBuildConfiguration;
			buildSettings = {
				ALWAYS_SEARCH_USER_PATHS = NO;
				CLANG_ANALYZER_NONNULL = YES;
				CLANG_ANALYZER_NUMBER_OBJECT_CONVERSION = YES_AGGRESSIVE;
				CLANG_CXX_LANGUAGE_STANDARD = "gnu++20";
				CLANG_ENABLE_MODULES = YES;
				CLANG_ENABLE_OBJC_ARC = YES;
				CLANG_ENABLE_OBJC_WEAK = YES;
				CLANG_WARN_BLOCK_CAPTURE_AUTORELEASING = YES;
				CLANG_WARN_BOOL_CONVERSION = YES;
				CLANG_WARN_COMMA = YES;
				CLANG_WARN_CONSTANT_CONVERSION = YES;
				CLANG_WARN_DEPRECATED_OBJC_IMPLEMENTATIONS = YES;
				CLANG_WARN_DIRECT_OBJC_ISA_USAGE = YES_ERROR;
				CLANG_WARN_DOCUMENTATION_COMMENTS = YES;
				CLANG_WARN_EMPTY_BODY = YES;
				CLANG_WARN_ENUM_CONVERSION = YES;
				CLANG_WARN_INFINITE_RECURSION = YES;
				CLANG_WARN_INT_CONVERSION = YES;
				CLANG_WARN_NON_LITERAL_NULL_CONVERSION = YES;
				CLANG_WARN_OBJC_IMPLICIT_RETAIN_SELF = YES;
				CLANG_WARN_OBJC_LITERAL_CONVERSION = YES;
				CLANG_WARN_OBJC_ROOT_CLASS = YES_ERROR;
				CLANG_WARN_QUOTED_INCLUDE_IN_FRAMEWORK_HEADER = YES;
				CLANG_WARN_RANGE_LOOP_ANALYSIS = YES;
				CLANG_WARN_STRICT_PROTOTYPES = YES;
				CLANG_WARN_SUSPICIOUS_MOVE = YES;
				CLANG_WARN_UNGUARDED_AVAILABILITY = YES_AGGRESSIVE;
				CLANG_WARN_UNREACHABLE_CODE = YES;
				CLANG_WARN__DUPLICATE_METHOD_MATCH = YES;
				COPY_PHASE_STRIP = NO;
				DEBUG_INFORMATION_FORMAT = "dwarf-with-dsym";
				ENABLE_NS_ASSERTIONS = NO;
				ENABLE_STRICT_OBJC_MSGSEND = YES;
				GCC_C_LANGUAGE_STANDARD = gnu11;
				GCC_NO_COMMON_BLOCKS = YES;
				GCC_WARN_64_TO_32_BIT_CONVERSION = YES;
				GCC_WARN_ABOUT_RETURN_TYPE = YES_ERROR;
				GCC_WARN_UNDECLARED_SELECTOR = YES;
				GCC_WARN_UNINITIALIZED_AUTOS = YES_AGGRESSIVE;
				GCC_WARN_UNUSED_FUNCTION = YES;
				GCC_WARN_UNUSED_VARIABLE = YES;
				IPHONEOS_DEPLOYMENT_TARGET = 16.2;
				MTL_ENABLE_DEBUG_INFO = NO;
				MTL_FAST_MATH = YES;
				SDKROOT = iphoneos;
				SWIFT_COMPILATION_MODE = wholemodule;
				SWIFT_OPTIMIZATION_LEVEL = "-O";
				VALIDATE_PRODUCT = YES;
			};
			name = Release;
		};
		B537CB8F29EF32D4008E70CC /* Debug */ = {
			isa = XCBuildConfiguration;
			buildSettings = {
				ASSETCATALOG_COMPILER_APPICON_NAME = AppIcon;
				ASSETCATALOG_COMPILER_GLOBAL_ACCENT_COLOR_NAME = AccentColor;
				CODE_SIGN_STYLE = Automatic;
				CURRENT_PROJECT_VERSION = 1;
				DEVELOPMENT_ASSET_PATHS = "\"TradeME/Preview Content\"";
				ENABLE_PREVIEWS = YES;
				GENERATE_INFOPLIST_FILE = YES;
				INFOPLIST_FILE = TradeME/Info.plist;
				INFOPLIST_KEY_CFBundleDisplayName = "";
				INFOPLIST_KEY_LSApplicationCategoryType = "";
				INFOPLIST_KEY_UIApplicationSceneManifest_Generation = YES;
				INFOPLIST_KEY_UIApplicationSupportsIndirectInputEvents = YES;
				INFOPLIST_KEY_UILaunchScreen_Generation = YES;
				INFOPLIST_KEY_UISupportedInterfaceOrientations_iPad = "UIInterfaceOrientationPortrait UIInterfaceOrientationPortraitUpsideDown UIInterfaceOrientationLandscapeLeft UIInterfaceOrientationLandscapeRight";
				INFOPLIST_KEY_UISupportedInterfaceOrientations_iPhone = "UIInterfaceOrientationPortrait UIInterfaceOrientationLandscapeLeft UIInterfaceOrientationLandscapeRight";
				LD_RUNPATH_SEARCH_PATHS = (
					"$(inherited)",
					"@executable_path/Frameworks",
				);
				MARKETING_VERSION = 1.0;
				PRODUCT_BUNDLE_IDENTIFIER = meep.ygo.TradeME;
				PRODUCT_NAME = "$(TARGET_NAME)";
				SWIFT_EMIT_LOC_STRINGS = YES;
				SWIFT_VERSION = 5.0;
				TARGETED_DEVICE_FAMILY = "1,2";
			};
			name = Debug;
		};
		B537CB9029EF32D4008E70CC /* Release */ = {
			isa = XCBuildConfiguration;
			buildSettings = {
				ASSETCATALOG_COMPILER_APPICON_NAME = AppIcon;
				ASSETCATALOG_COMPILER_GLOBAL_ACCENT_COLOR_NAME = AccentColor;
				CODE_SIGN_STYLE = Automatic;
				CURRENT_PROJECT_VERSION = 1;
				DEVELOPMENT_ASSET_PATHS = "\"TradeME/Preview Content\"";
				ENABLE_PREVIEWS = YES;
				GENERATE_INFOPLIST_FILE = YES;
				INFOPLIST_FILE = TradeME/Info.plist;
				INFOPLIST_KEY_CFBundleDisplayName = "";
				INFOPLIST_KEY_LSApplicationCategoryType = "";
				INFOPLIST_KEY_UIApplicationSceneManifest_Generation = YES;
				INFOPLIST_KEY_UIApplicationSupportsIndirectInputEvents = YES;
				INFOPLIST_KEY_UILaunchScreen_Generation = YES;
				INFOPLIST_KEY_UISupportedInterfaceOrientations_iPad = "UIInterfaceOrientationPortrait UIInterfaceOrientationPortraitUpsideDown UIInterfaceOrientationLandscapeLeft UIInterfaceOrientationLandscapeRight";
				INFOPLIST_KEY_UISupportedInterfaceOrientations_iPhone = "UIInterfaceOrientationPortrait UIInterfaceOrientationLandscapeLeft UIInterfaceOrientationLandscapeRight";
				LD_RUNPATH_SEARCH_PATHS = (
					"$(inherited)",
					"@executable_path/Frameworks",
				);
				MARKETING_VERSION = 1.0;
				PRODUCT_BUNDLE_IDENTIFIER = meep.ygo.TradeME;
				PRODUCT_NAME = "$(TARGET_NAME)";
				SWIFT_EMIT_LOC_STRINGS = YES;
				SWIFT_VERSION = 5.0;
				TARGETED_DEVICE_FAMILY = "1,2";
			};
			name = Release;
		};
		B537CB9229EF32D4008E70CC /* Debug */ = {
			isa = XCBuildConfiguration;
			buildSettings = {
				ALWAYS_EMBED_SWIFT_STANDARD_LIBRARIES = YES;
				BUNDLE_LOADER = "$(TEST_HOST)";
				CODE_SIGN_STYLE = Automatic;
				CURRENT_PROJECT_VERSION = 1;
				GENERATE_INFOPLIST_FILE = YES;
				IPHONEOS_DEPLOYMENT_TARGET = 16.2;
				MARKETING_VERSION = 1.0;
				PRODUCT_BUNDLE_IDENTIFIER = meep.ygo.TradeMETests;
				PRODUCT_NAME = "$(TARGET_NAME)";
				SWIFT_EMIT_LOC_STRINGS = NO;
				SWIFT_VERSION = 5.0;
				TARGETED_DEVICE_FAMILY = "1,2";
				TEST_HOST = "$(BUILT_PRODUCTS_DIR)/TradeME.app/$(BUNDLE_EXECUTABLE_FOLDER_PATH)/TradeME";
			};
			name = Debug;
		};
		B537CB9329EF32D4008E70CC /* Release */ = {
			isa = XCBuildConfiguration;
			buildSettings = {
				ALWAYS_EMBED_SWIFT_STANDARD_LIBRARIES = YES;
				BUNDLE_LOADER = "$(TEST_HOST)";
				CODE_SIGN_STYLE = Automatic;
				CURRENT_PROJECT_VERSION = 1;
				GENERATE_INFOPLIST_FILE = YES;
				IPHONEOS_DEPLOYMENT_TARGET = 16.2;
				MARKETING_VERSION = 1.0;
				PRODUCT_BUNDLE_IDENTIFIER = meep.ygo.TradeMETests;
				PRODUCT_NAME = "$(TARGET_NAME)";
				SWIFT_EMIT_LOC_STRINGS = NO;
				SWIFT_VERSION = 5.0;
				TARGETED_DEVICE_FAMILY = "1,2";
				TEST_HOST = "$(BUILT_PRODUCTS_DIR)/TradeME.app/$(BUNDLE_EXECUTABLE_FOLDER_PATH)/TradeME";
			};
			name = Release;
		};
		B537CB9529EF32D4008E70CC /* Debug */ = {
			isa = XCBuildConfiguration;
			buildSettings = {
				ALWAYS_EMBED_SWIFT_STANDARD_LIBRARIES = YES;
				CODE_SIGN_STYLE = Automatic;
				CURRENT_PROJECT_VERSION = 1;
				GENERATE_INFOPLIST_FILE = YES;
				MARKETING_VERSION = 1.0;
				PRODUCT_BUNDLE_IDENTIFIER = meep.ygo.TradeMEUITests;
				PRODUCT_NAME = "$(TARGET_NAME)";
				SWIFT_EMIT_LOC_STRINGS = NO;
				SWIFT_VERSION = 5.0;
				TARGETED_DEVICE_FAMILY = "1,2";
				TEST_TARGET_NAME = TradeME;
			};
			name = Debug;
		};
		B537CB9629EF32D4008E70CC /* Release */ = {
			isa = XCBuildConfiguration;
			buildSettings = {
				ALWAYS_EMBED_SWIFT_STANDARD_LIBRARIES = YES;
				CODE_SIGN_STYLE = Automatic;
				CURRENT_PROJECT_VERSION = 1;
				GENERATE_INFOPLIST_FILE = YES;
				MARKETING_VERSION = 1.0;
				PRODUCT_BUNDLE_IDENTIFIER = meep.ygo.TradeMEUITests;
				PRODUCT_NAME = "$(TARGET_NAME)";
				SWIFT_EMIT_LOC_STRINGS = NO;
				SWIFT_VERSION = 5.0;
				TARGETED_DEVICE_FAMILY = "1,2";
				TEST_TARGET_NAME = TradeME;
			};
			name = Release;
		};
/* End XCBuildConfiguration section */

/* Begin XCConfigurationList section */
		B537CB6529EF32D3008E70CC /* Build configuration list for PBXProject "TradeME" */ = {
			isa = XCConfigurationList;
			buildConfigurations = (
				B537CB8C29EF32D4008E70CC /* Debug */,
				B537CB8D29EF32D4008E70CC /* Release */,
			);
			defaultConfigurationIsVisible = 0;
			defaultConfigurationName = Release;
		};
		B537CB8E29EF32D4008E70CC /* Build configuration list for PBXNativeTarget "TradeME" */ = {
			isa = XCConfigurationList;
			buildConfigurations = (
				B537CB8F29EF32D4008E70CC /* Debug */,
				B537CB9029EF32D4008E70CC /* Release */,
			);
			defaultConfigurationIsVisible = 0;
			defaultConfigurationName = Release;
		};
		B537CB9129EF32D4008E70CC /* Build configuration list for PBXNativeTarget "TradeMETests" */ = {
			isa = XCConfigurationList;
			buildConfigurations = (
				B537CB9229EF32D4008E70CC /* Debug */,
				B537CB9329EF32D4008E70CC /* Release */,
			);
			defaultConfigurationIsVisible = 0;
			defaultConfigurationName = Release;
		};
		B537CB9429EF32D4008E70CC /* Build configuration list for PBXNativeTarget "TradeMEUITests" */ = {
			isa = XCConfigurationList;
			buildConfigurations = (
				B537CB9529EF32D4008E70CC /* Debug */,
				B537CB9629EF32D4008E70CC /* Release */,
			);
			defaultConfigurationIsVisible = 0;
			defaultConfigurationName = Release;
		};
/* End XCConfigurationList section */

/* Begin XCRemoteSwiftPackageReference section */
		B5B71C6B29F0B50600D6BFB8 /* XCRemoteSwiftPackageReference "SDWebImageSwiftUI" */ = {
			isa = XCRemoteSwiftPackageReference;
			repositoryURL = "https://github.com/SDWebImage/SDWebImageSwiftUI";
			requirement = {
				kind = upToNextMajorVersion;
				minimumVersion = 2.0.0;
			};
		};
		B5B71C6E29F0B53800D6BFB8 /* XCRemoteSwiftPackageReference "PopupView" */ = {
			isa = XCRemoteSwiftPackageReference;
			repositoryURL = "https://github.com/exyte/PopupView";
			requirement = {
				kind = upToNextMajorVersion;
				minimumVersion = 2.0.0;
			};
		};
		B5B71C7D29F0FE5400D6BFB8 /* XCRemoteSwiftPackageReference "firebase-ios-sdk" */ = {
			isa = XCRemoteSwiftPackageReference;
			repositoryURL = "https://github.com/firebase/firebase-ios-sdk";
			requirement = {
				kind = upToNextMajorVersion;
				minimumVersion = 9.0.0;
			};
		};
/* End XCRemoteSwiftPackageReference section */

/* Begin XCSwiftPackageProductDependency section */
		B5B71C6C29F0B50600D6BFB8 /* SDWebImageSwiftUI */ = {
			isa = XCSwiftPackageProductDependency;
			package = B5B71C6B29F0B50600D6BFB8 /* XCRemoteSwiftPackageReference "SDWebImageSwiftUI" */;
			productName = SDWebImageSwiftUI;
		};
		B5B71C6F29F0B53800D6BFB8 /* PopupView */ = {
			isa = XCSwiftPackageProductDependency;
			package = B5B71C6E29F0B53800D6BFB8 /* XCRemoteSwiftPackageReference "PopupView" */;
			productName = PopupView;
		};
		B5B71C7E29F0FE5400D6BFB8 /* FirebaseAnalytics */ = {
			isa = XCSwiftPackageProductDependency;
			package = B5B71C7D29F0FE5400D6BFB8 /* XCRemoteSwiftPackageReference "firebase-ios-sdk" */;
			productName = FirebaseAnalytics;
		};
		B5B71C8029F0FE5400D6BFB8 /* FirebaseAnalyticsOnDeviceConversion */ = {
			isa = XCSwiftPackageProductDependency;
			package = B5B71C7D29F0FE5400D6BFB8 /* XCRemoteSwiftPackageReference "firebase-ios-sdk" */;
			productName = FirebaseAnalyticsOnDeviceConversion;
		};
		B5B71C8229F0FE5400D6BFB8 /* FirebaseAnalyticsSwift */ = {
			isa = XCSwiftPackageProductDependency;
			package = B5B71C7D29F0FE5400D6BFB8 /* XCRemoteSwiftPackageReference "firebase-ios-sdk" */;
			productName = FirebaseAnalyticsSwift;
		};
		B5B71C8429F0FE5400D6BFB8 /* FirebaseAnalyticsWithoutAdIdSupport */ = {
			isa = XCSwiftPackageProductDependency;
			package = B5B71C7D29F0FE5400D6BFB8 /* XCRemoteSwiftPackageReference "firebase-ios-sdk" */;
			productName = FirebaseAnalyticsWithoutAdIdSupport;
		};
		B5B71C8629F0FE5400D6BFB8 /* FirebaseAppCheck */ = {
			isa = XCSwiftPackageProductDependency;
			package = B5B71C7D29F0FE5400D6BFB8 /* XCRemoteSwiftPackageReference "firebase-ios-sdk" */;
			productName = FirebaseAppCheck;
		};
		B5B71C8829F0FE5400D6BFB8 /* FirebaseAppDistribution-Beta */ = {
			isa = XCSwiftPackageProductDependency;
			package = B5B71C7D29F0FE5400D6BFB8 /* XCRemoteSwiftPackageReference "firebase-ios-sdk" */;
			productName = "FirebaseAppDistribution-Beta";
		};
		B5B71C8A29F0FE5400D6BFB8 /* FirebaseAuth */ = {
			isa = XCSwiftPackageProductDependency;
			package = B5B71C7D29F0FE5400D6BFB8 /* XCRemoteSwiftPackageReference "firebase-ios-sdk" */;
			productName = FirebaseAuth;
		};
		B5B71C8C29F0FE5400D6BFB8 /* FirebaseAuthCombine-Community */ = {
			isa = XCSwiftPackageProductDependency;
			package = B5B71C7D29F0FE5400D6BFB8 /* XCRemoteSwiftPackageReference "firebase-ios-sdk" */;
			productName = "FirebaseAuthCombine-Community";
		};
		B5B71C8E29F0FE5400D6BFB8 /* FirebaseCrashlytics */ = {
			isa = XCSwiftPackageProductDependency;
			package = B5B71C7D29F0FE5400D6BFB8 /* XCRemoteSwiftPackageReference "firebase-ios-sdk" */;
			productName = FirebaseCrashlytics;
		};
		B5B71C9029F0FE5400D6BFB8 /* FirebaseDatabase */ = {
			isa = XCSwiftPackageProductDependency;
			package = B5B71C7D29F0FE5400D6BFB8 /* XCRemoteSwiftPackageReference "firebase-ios-sdk" */;
			productName = FirebaseDatabase;
		};
		B5B71C9229F0FE5400D6BFB8 /* FirebaseDatabaseSwift */ = {
			isa = XCSwiftPackageProductDependency;
			package = B5B71C7D29F0FE5400D6BFB8 /* XCRemoteSwiftPackageReference "firebase-ios-sdk" */;
			productName = FirebaseDatabaseSwift;
		};
		B5B71C9429F0FE5400D6BFB8 /* FirebaseDynamicLinks */ = {
			isa = XCSwiftPackageProductDependency;
			package = B5B71C7D29F0FE5400D6BFB8 /* XCRemoteSwiftPackageReference "firebase-ios-sdk" */;
			productName = FirebaseDynamicLinks;
		};
		B5B71C9629F0FE5400D6BFB8 /* FirebaseFirestore */ = {
			isa = XCSwiftPackageProductDependency;
			package = B5B71C7D29F0FE5400D6BFB8 /* XCRemoteSwiftPackageReference "firebase-ios-sdk" */;
			productName = FirebaseFirestore;
		};
		B5B71C9829F0FE5400D6BFB8 /* FirebaseFirestoreCombine-Community */ = {
			isa = XCSwiftPackageProductDependency;
			package = B5B71C7D29F0FE5400D6BFB8 /* XCRemoteSwiftPackageReference "firebase-ios-sdk" */;
			productName = "FirebaseFirestoreCombine-Community";
		};
		B5B71C9A29F0FE5400D6BFB8 /* FirebaseFirestoreSwift */ = {
			isa = XCSwiftPackageProductDependency;
			package = B5B71C7D29F0FE5400D6BFB8 /* XCRemoteSwiftPackageReference "firebase-ios-sdk" */;
			productName = FirebaseFirestoreSwift;
		};
		B5B71C9C29F0FE5400D6BFB8 /* FirebaseFunctions */ = {
			isa = XCSwiftPackageProductDependency;
			package = B5B71C7D29F0FE5400D6BFB8 /* XCRemoteSwiftPackageReference "firebase-ios-sdk" */;
			productName = FirebaseFunctions;
		};
		B5B71C9E29F0FE5400D6BFB8 /* FirebaseFunctionsCombine-Community */ = {
			isa = XCSwiftPackageProductDependency;
			package = B5B71C7D29F0FE5400D6BFB8 /* XCRemoteSwiftPackageReference "firebase-ios-sdk" */;
			productName = "FirebaseFunctionsCombine-Community";
		};
		B5B71CA029F0FE5400D6BFB8 /* FirebaseInAppMessaging-Beta */ = {
			isa = XCSwiftPackageProductDependency;
			package = B5B71C7D29F0FE5400D6BFB8 /* XCRemoteSwiftPackageReference "firebase-ios-sdk" */;
			productName = "FirebaseInAppMessaging-Beta";
		};
		B5B71CA229F0FE5400D6BFB8 /* FirebaseInAppMessagingSwift-Beta */ = {
			isa = XCSwiftPackageProductDependency;
			package = B5B71C7D29F0FE5400D6BFB8 /* XCRemoteSwiftPackageReference "firebase-ios-sdk" */;
			productName = "FirebaseInAppMessagingSwift-Beta";
		};
		B5B71CA429F0FE5400D6BFB8 /* FirebaseInstallations */ = {
			isa = XCSwiftPackageProductDependency;
			package = B5B71C7D29F0FE5400D6BFB8 /* XCRemoteSwiftPackageReference "firebase-ios-sdk" */;
			productName = FirebaseInstallations;
		};
		B5B71CA629F0FE5400D6BFB8 /* FirebaseMLModelDownloader */ = {
			isa = XCSwiftPackageProductDependency;
			package = B5B71C7D29F0FE5400D6BFB8 /* XCRemoteSwiftPackageReference "firebase-ios-sdk" */;
			productName = FirebaseMLModelDownloader;
		};
		B5B71CA829F0FE5400D6BFB8 /* FirebaseMessaging */ = {
			isa = XCSwiftPackageProductDependency;
			package = B5B71C7D29F0FE5400D6BFB8 /* XCRemoteSwiftPackageReference "firebase-ios-sdk" */;
			productName = FirebaseMessaging;
		};
		B5B71CAA29F0FE5400D6BFB8 /* FirebasePerformance */ = {
			isa = XCSwiftPackageProductDependency;
			package = B5B71C7D29F0FE5400D6BFB8 /* XCRemoteSwiftPackageReference "firebase-ios-sdk" */;
			productName = FirebasePerformance;
		};
		B5B71CAC29F0FE5400D6BFB8 /* FirebaseRemoteConfig */ = {
			isa = XCSwiftPackageProductDependency;
			package = B5B71C7D29F0FE5400D6BFB8 /* XCRemoteSwiftPackageReference "firebase-ios-sdk" */;
			productName = FirebaseRemoteConfig;
		};
		B5B71CAE29F0FE5400D6BFB8 /* FirebaseRemoteConfigSwift */ = {
			isa = XCSwiftPackageProductDependency;
			package = B5B71C7D29F0FE5400D6BFB8 /* XCRemoteSwiftPackageReference "firebase-ios-sdk" */;
			productName = FirebaseRemoteConfigSwift;
		};
		B5B71CB029F0FE5400D6BFB8 /* FirebaseStorage */ = {
			isa = XCSwiftPackageProductDependency;
			package = B5B71C7D29F0FE5400D6BFB8 /* XCRemoteSwiftPackageReference "firebase-ios-sdk" */;
			productName = FirebaseStorage;
		};
		B5B71CB229F0FE5400D6BFB8 /* FirebaseStorageCombine-Community */ = {
			isa = XCSwiftPackageProductDependency;
			package = B5B71C7D29F0FE5400D6BFB8 /* XCRemoteSwiftPackageReference "firebase-ios-sdk" */;
			productName = "FirebaseStorageCombine-Community";
		};
/* End XCSwiftPackageProductDependency section */
	};
	rootObject = B537CB6229EF32D3008E70CC /* Project object */;
}
